
Microsoft Visual Studio Solution File, Format Version 12.00
# Visual Studio Version 17
VisualStudioVersion = 17.2.32526.322
MinimumVisualStudioVersion = 10.0.40219.1
Project("{9A19103F-16F7-4668-BE54-9A1E7A4F7556}") = "WaveFunctionCollapse", "WaveFunctionCollapse.csproj", "{40DA2406-1E60-4960-9F25-C1209878612B}"
EndProject
Global
	GlobalSection(SolutionConfigurationPlatforms) = preSolution
		Debug|Any CPU = Debug|Any CPU
		Release|Any CPU = Release|Any CPU
	EndGlobalSection
	GlobalSection(ProjectConfigurationPlatforms) = postSolution
		{40DA2406-1E60-4960-9F25-C1209878612B}.Debug|Any CPU.ActiveCfg = Debug|Any CPU
		{40DA2406-1E60-4960-9F25-C1209878612B}.Debug|Any CPU.Build.0 = Debug|Any CPU
		{40DA2406-1E60-4960-9F25-C1209878612B}.Release|Any CPU.ActiveCfg = Release|Any CPU
		{40DA2406-1E60-4960-9F25-C1209878612B}.Release|Any CPU.Build.0 = Release|Any CPU
	EndGlobalSection
	GlobalSection(SolutionProperties) = preSolution
		HideSolutionNode = FALSE
	EndGlobalSection
	GlobalSection(ExtensibilityGlobals) = postSolution
		SolutionGuid = {6387FFC2-C74D-4463-ACFD-3A2E13D13513}
	EndGlobalSection
EndGlobal
